// !$*UTF8*$!
{
	archiveVersion = 1;
	classes = {
	};
	objectVersion = 56;
	objects = {

/* Begin PBXBuildFile section */
		C54BE7C7292D50BD00F98B7B /* SettingsView.swift in Sources */ = {isa = PBXBuildFile; fileRef = C54BE7C6292D50BD00F98B7B /* SettingsView.swift */; };
		C57B30F32930CE3F000364FD /* GroupView.swift in Sources */ = {isa = PBXBuildFile; fileRef = C57B30F22930CE3F000364FD /* GroupView.swift */; };
		C57B30F52930DEA7000364FD /* FamilyView.swift in Sources */ = {isa = PBXBuildFile; fileRef = C57B30F42930DEA7000364FD /* FamilyView.swift */; };
		C57B30F72930DFAF000364FD /* OrderView.swift in Sources */ = {isa = PBXBuildFile; fileRef = C57B30F62930DFAF000364FD /* OrderView.swift */; };
		C57B30FA2930E181000364FD /* GenusView.swift in Sources */ = {isa = PBXBuildFile; fileRef = C57B30F92930E181000364FD /* GenusView.swift */; };
		C57B30FE29321D5C000364FD /* NutritionView.swift in Sources */ = {isa = PBXBuildFile; fileRef = C57B30FD29321D5C000364FD /* NutritionView.swift */; };
		C57B3100293236DD000364FD /* FruitAnimationView.swift in Sources */ = {isa = PBXBuildFile; fileRef = C57B30FF293236DD000364FD /* FruitAnimationView.swift */; };
		C57B310229323C41000364FD /* LogView.swift in Sources */ = {isa = PBXBuildFile; fileRef = C57B310129323C41000364FD /* LogView.swift */; };
		C57B310C2932A71D000364FD /* TimeView.swift in Sources */ = {isa = PBXBuildFile; fileRef = C57B310B2932A71D000364FD /* TimeView.swift */; };
		C5CD669A291E661C008CAA22 /* FruitApp.swift in Sources */ = {isa = PBXBuildFile; fileRef = C5CD6699291E661C008CAA22 /* FruitApp.swift */; };
		C5CD669E291E661F008CAA22 /* Assets.xcassets in Resources */ = {isa = PBXBuildFile; fileRef = C5CD669D291E661F008CAA22 /* Assets.xcassets */; };
		C5CD66A1291E661F008CAA22 /* Preview Assets.xcassets in Resources */ = {isa = PBXBuildFile; fileRef = C5CD66A0291E661F008CAA22 /* Preview Assets.xcassets */; };
		C5CD66B5291E7713008CAA22 /* DataModel.swift in Sources */ = {isa = PBXBuildFile; fileRef = C5CD66B4291E7713008CAA22 /* DataModel.swift */; };
		C5CD66B9291E7850008CAA22 /* FruitView.swift in Sources */ = {isa = PBXBuildFile; fileRef = C5CD66B8291E7850008CAA22 /* FruitView.swift */; };
		C5CD66BB291E78A5008CAA22 /* JsonModel.swift in Sources */ = {isa = PBXBuildFile; fileRef = C5CD66BA291E78A5008CAA22 /* JsonModel.swift */; };
		C5CD66BD291E793F008CAA22 /* MainView.swift in Sources */ = {isa = PBXBuildFile; fileRef = C5CD66BC291E793F008CAA22 /* MainView.swift */; };
		C5CD66BF291E9F19008CAA22 /* FruitRow.swift in Sources */ = {isa = PBXBuildFile; fileRef = C5CD66BE291E9F19008CAA22 /* FruitRow.swift */; };
		C5CD66C1291EA491008CAA22 /* FruitInfoPage.swift in Sources */ = {isa = PBXBuildFile; fileRef = C5CD66C0291EA491008CAA22 /* FruitInfoPage.swift */; };
		C5CD66C4291EC4F5008CAA22 /* Database.xcdatamodeld in Sources */ = {isa = PBXBuildFile; fileRef = C5CD66C2291EC4F5008CAA22 /* Database.xcdatamodeld */; };
		C5F57EAA2937C4E8000F86CC /* README.md in Resources */ = {isa = PBXBuildFile; fileRef = C5F57EA92937C4E8000F86CC /* README.md */; };
/* End PBXBuildFile section */

/* Begin PBXFileReference section */
		C54BE7C6292D50BD00F98B7B /* SettingsView.swift */ = {isa = PBXFileReference; lastKnownFileType = sourcecode.swift; path = SettingsView.swift; sourceTree = "<group>"; };
		C57B30F22930CE3F000364FD /* GroupView.swift */ = {isa = PBXFileReference; lastKnownFileType = sourcecode.swift; path = GroupView.swift; sourceTree = "<group>"; };
		C57B30F42930DEA7000364FD /* FamilyView.swift */ = {isa = PBXFileReference; lastKnownFileType = sourcecode.swift; path = FamilyView.swift; sourceTree = "<group>"; };
		C57B30F62930DFAF000364FD /* OrderView.swift */ = {isa = PBXFileReference; lastKnownFileType = sourcecode.swift; path = OrderView.swift; sourceTree = "<group>"; };
		C57B30F92930E181000364FD /* GenusView.swift */ = {isa = PBXFileReference; lastKnownFileType = sourcecode.swift; path = GenusView.swift; sourceTree = "<group>"; };
		C57B30FD29321D5C000364FD /* NutritionView.swift */ = {isa = PBXFileReference; lastKnownFileType = sourcecode.swift; path = NutritionView.swift; sourceTree = "<group>"; };
		C57B30FF293236DD000364FD /* FruitAnimationView.swift */ = {isa = PBXFileReference; lastKnownFileType = sourcecode.swift; path = FruitAnimationView.swift; sourceTree = "<group>"; };
		C57B310129323C41000364FD /* LogView.swift */ = {isa = PBXFileReference; lastKnownFileType = sourcecode.swift; path = LogView.swift; sourceTree = "<group>"; };
		C57B310B2932A71D000364FD /* TimeView.swift */ = {isa = PBXFileReference; lastKnownFileType = sourcecode.swift; path = TimeView.swift; sourceTree = "<group>"; };
		C5CD6696291E661C008CAA22 /* Eksamen-PG5601-1001.app */ = {isa = PBXFileReference; explicitFileType = wrapper.application; includeInIndex = 0; path = "Eksamen-PG5601-1001.app"; sourceTree = BUILT_PRODUCTS_DIR; };
		C5CD6699291E661C008CAA22 /* FruitApp.swift */ = {isa = PBXFileReference; lastKnownFileType = sourcecode.swift; path = FruitApp.swift; sourceTree = "<group>"; };
		C5CD669D291E661F008CAA22 /* Assets.xcassets */ = {isa = PBXFileReference; lastKnownFileType = folder.assetcatalog; path = Assets.xcassets; sourceTree = "<group>"; };
		C5CD66A0291E661F008CAA22 /* Preview Assets.xcassets */ = {isa = PBXFileReference; lastKnownFileType = folder.assetcatalog; path = "Preview Assets.xcassets"; sourceTree = "<group>"; };
		C5CD66B4291E7713008CAA22 /* DataModel.swift */ = {isa = PBXFileReference; lastKnownFileType = sourcecode.swift; path = DataModel.swift; sourceTree = "<group>"; };
		C5CD66B8291E7850008CAA22 /* FruitView.swift */ = {isa = PBXFileReference; lastKnownFileType = sourcecode.swift; path = FruitView.swift; sourceTree = "<group>"; };
		C5CD66BA291E78A5008CAA22 /* JsonModel.swift */ = {isa = PBXFileReference; lastKnownFileType = sourcecode.swift; path = JsonModel.swift; sourceTree = "<group>"; };
		C5CD66BC291E793F008CAA22 /* MainView.swift */ = {isa = PBXFileReference; lastKnownFileType = sourcecode.swift; path = MainView.swift; sourceTree = "<group>"; };
		C5CD66BE291E9F19008CAA22 /* FruitRow.swift */ = {isa = PBXFileReference; lastKnownFileType = sourcecode.swift; path = FruitRow.swift; sourceTree = "<group>"; };
		C5CD66C0291EA491008CAA22 /* FruitInfoPage.swift */ = {isa = PBXFileReference; lastKnownFileType = sourcecode.swift; path = FruitInfoPage.swift; sourceTree = "<group>"; };
		C5CD66C3291EC4F5008CAA22 /* Database.xcdatamodel */ = {isa = PBXFileReference; lastKnownFileType = wrapper.xcdatamodel; path = Database.xcdatamodel; sourceTree = "<group>"; };
		C5F57EA92937C4E8000F86CC /* README.md */ = {isa = PBXFileReference; lastKnownFileType = net.daringfireball.markdown; path = README.md; sourceTree = "<group>"; };
/* End PBXFileReference section */

/* Begin PBXFrameworksBuildPhase section */
		C5CD6693291E661C008CAA22 /* Frameworks */ = {
			isa = PBXFrameworksBuildPhase;
			buildActionMask = 2147483647;
			files = (
			);
			runOnlyForDeploymentPostprocessing = 0;
		};
/* End PBXFrameworksBuildPhase section */

/* Begin PBXGroup section */
		C5CD668D291E661C008CAA22 = {
			isa = PBXGroup;
			children = (
				C5CD6698291E661C008CAA22 /* Eksamen-PG5601-1001 */,
				C5CD6697291E661C008CAA22 /* Products */,
			);
			sourceTree = "<group>";
		};
		C5CD6697291E661C008CAA22 /* Products */ = {
			isa = PBXGroup;
			children = (
				C5CD6696291E661C008CAA22 /* Eksamen-PG5601-1001.app */,
			);
			name = Products;
			sourceTree = "<group>";
		};
		C5CD6698291E661C008CAA22 /* Eksamen-PG5601-1001 */ = {
			isa = PBXGroup;
			children = (
				C5F57EA92937C4E8000F86CC /* README.md */,
				C5CD6699291E661C008CAA22 /* FruitApp.swift */,
				C5CD66AE291E6C1F008CAA22 /* Views */,
				C5CD66AD291E6C16008CAA22 /* Data */,
				C5CD669D291E661F008CAA22 /* Assets.xcassets */,
				C5CD669F291E661F008CAA22 /* Preview Content */,
			);
			path = "Eksamen-PG5601-1001";
			sourceTree = "<group>";
		};
		C5CD669F291E661F008CAA22 /* Preview Content */ = {
			isa = PBXGroup;
			children = (
				C5CD66A0291E661F008CAA22 /* Preview Assets.xcassets */,
			);
			path = "Preview Content";
			sourceTree = "<group>";
		};
		C5CD66AD291E6C16008CAA22 /* Data */ = {
			isa = PBXGroup;
			children = (
				C5CD66B4291E7713008CAA22 /* DataModel.swift */,
				C5CD66BA291E78A5008CAA22 /* JsonModel.swift */,
				C5CD66C2291EC4F5008CAA22 /* Database.xcdatamodeld */,
			);
			path = Data;
			sourceTree = "<group>";
		};
		C5CD66AE291E6C1F008CAA22 /* Views */ = {
			isa = PBXGroup;
			children = (
				C5CD66BC291E793F008CAA22 /* MainView.swift */,
				C5CD66B8291E7850008CAA22 /* FruitView.swift */,
				C5CD66BE291E9F19008CAA22 /* FruitRow.swift */,
				C5CD66C0291EA491008CAA22 /* FruitInfoPage.swift */,
				C57B30F22930CE3F000364FD /* GroupView.swift */,
				C57B30F42930DEA7000364FD /* FamilyView.swift */,
				C57B30F62930DFAF000364FD /* OrderView.swift */,
				C57B30F92930E181000364FD /* GenusView.swift */,
				C54BE7C6292D50BD00F98B7B /* SettingsView.swift */,
				C57B30FD29321D5C000364FD /* NutritionView.swift */,
				C57B30FF293236DD000364FD /* FruitAnimationView.swift */,
				C57B310129323C41000364FD /* LogView.swift */,
				C57B310B2932A71D000364FD /* TimeView.swift */,
			);
			path = Views;
			sourceTree = "<group>";
		};
/* End PBXGroup section */

/* Begin PBXNativeTarget section */
		C5CD6695291E661C008CAA22 /* Eksamen-PG5601-1001 */ = {
			isa = PBXNativeTarget;
			buildConfigurationList = C5CD66A4291E661F008CAA22 /* Build configuration list for PBXNativeTarget "Eksamen-PG5601-1001" */;
			buildPhases = (
				C5CD6692291E661C008CAA22 /* Sources */,
				C5CD6693291E661C008CAA22 /* Frameworks */,
				C5CD6694291E661C008CAA22 /* Resources */,
			);
			buildRules = (
			);
			dependencies = (
			);
			name = "Eksamen-PG5601-1001";
			productName = "Eksamen-PG5601-1001";
			productReference = C5CD6696291E661C008CAA22 /* Eksamen-PG5601-1001.app */;
			productType = "com.apple.product-type.application";
		};
/* End PBXNativeTarget section */

/* Begin PBXProject section */
		C5CD668E291E661C008CAA22 /* Project object */ = {
			isa = PBXProject;
			attributes = {
				BuildIndependentTargetsInParallel = 1;
				LastSwiftUpdateCheck = 1400;
				LastUpgradeCheck = 1400;
				TargetAttributes = {
					C5CD6695291E661C008CAA22 = {
						CreatedOnToolsVersion = 14.0.1;
					};
				};
			};
			buildConfigurationList = C5CD6691291E661C008CAA22 /* Build configuration list for PBXProject "Eksamen-PG5601-1001" */;
			compatibilityVersion = "Xcode 14.0";
			developmentRegion = en;
			hasScannedForEncodings = 0;
			knownRegions = (
				en,
				Base,
			);
			mainGroup = C5CD668D291E661C008CAA22;
			productRefGroup = C5CD6697291E661C008CAA22 /* Products */;
			projectDirPath = "";
			projectRoot = "";
			targets = (
				C5CD6695291E661C008CAA22 /* Eksamen-PG5601-1001 */,
			);
		};
/* End PBXProject section */

/* Begin PBXResourcesBuildPhase section */
		C5CD6694291E661C008CAA22 /* Resources */ = {
			isa = PBXResourcesBuildPhase;
			buildActionMask = 2147483647;
			files = (
				C5F57EAA2937C4E8000F86CC /* README.md in Resources */,
				C5CD66A1291E661F008CAA22 /* Preview Assets.xcassets in Resources */,
				C5CD669E291E661F008CAA22 /* Assets.xcassets in Resources */,
			);
			runOnlyForDeploymentPostprocessing = 0;
		};
/* End PBXResourcesBuildPhase section */

/* Begin PBXSourcesBuildPhase section */
		C5CD6692291E661C008CAA22 /* Sources */ = {
			isa = PBXSourcesBuildPhase;
			buildActionMask = 2147483647;
			files = (
				C5CD66B9291E7850008CAA22 /* FruitView.swift in Sources */,
				C5CD66BB291E78A5008CAA22 /* JsonModel.swift in Sources */,
				C57B30F32930CE3F000364FD /* GroupView.swift in Sources */,
				C5CD66C4291EC4F5008CAA22 /* Database.xcdatamodeld in Sources */,
				C57B3100293236DD000364FD /* FruitAnimationView.swift in Sources */,
				C57B310229323C41000364FD /* LogView.swift in Sources */,
				C57B30F52930DEA7000364FD /* FamilyView.swift in Sources */,
				C54BE7C7292D50BD00F98B7B /* SettingsView.swift in Sources */,
				C5CD66C1291EA491008CAA22 /* FruitInfoPage.swift in Sources */,
				C57B30FA2930E181000364FD /* GenusView.swift in Sources */,
				C5CD669A291E661C008CAA22 /* FruitApp.swift in Sources */,
				C5CD66BF291E9F19008CAA22 /* FruitRow.swift in Sources */,
				C57B30F72930DFAF000364FD /* OrderView.swift in Sources */,
				C57B310C2932A71D000364FD /* TimeView.swift in Sources */,
				C5CD66BD291E793F008CAA22 /* MainView.swift in Sources */,
				C5CD66B5291E7713008CAA22 /* DataModel.swift in Sources */,
				C57B30FE29321D5C000364FD /* NutritionView.swift in Sources */,
			);
			runOnlyForDeploymentPostprocessing = 0;
		};
/* End PBXSourcesBuildPhase section */

/* Begin XCBuildConfiguration section */
		C5CD66A2291E661F008CAA22 /* Debug */ = {
			isa = XCBuildConfiguration;
			buildSettings = {
				ALWAYS_SEARCH_USER_PATHS = NO;
				CLANG_ANALYZER_NONNULL = YES;
				CLANG_ANALYZER_NUMBER_OBJECT_CONVERSION = YES_AGGRESSIVE;
				CLANG_CXX_LANGUAGE_STANDARD = "gnu++20";
				CLANG_ENABLE_MODULES = YES;
				CLANG_ENABLE_OBJC_ARC = YES;
				CLANG_ENABLE_OBJC_WEAK = YES;
				CLANG_WARN_BLOCK_CAPTURE_AUTORELEASING = YES;
				CLANG_WARN_BOOL_CONVERSION = YES;
				CLANG_WARN_COMMA = YES;
				CLANG_WARN_CONSTANT_CONVERSION = YES;
				CLANG_WARN_DEPRECATED_OBJC_IMPLEMENTATIONS = YES;
				CLANG_WARN_DIRECT_OBJC_ISA_USAGE = YES_ERROR;
				CLANG_WARN_DOCUMENTATION_COMMENTS = YES;
				CLANG_WARN_EMPTY_BODY = YES;
				CLANG_WARN_ENUM_CONVERSION = YES;
				CLANG_WARN_INFINITE_RECURSION = YES;
				CLANG_WARN_INT_CONVERSION = YES;
				CLANG_WARN_NON_LITERAL_NULL_CONVERSION = YES;
				CLANG_WARN_OBJC_IMPLICIT_RETAIN_SELF = YES;
				CLANG_WARN_OBJC_LITERAL_CONVERSION = YES;
				CLANG_WARN_OBJC_ROOT_CLASS = YES_ERROR;
				CLANG_WARN_QUOTED_INCLUDE_IN_FRAMEWORK_HEADER = YES;
				CLANG_WARN_RANGE_LOOP_ANALYSIS = YES;
				CLANG_WARN_STRICT_PROTOTYPES = YES;
				CLANG_WARN_SUSPICIOUS_MOVE = YES;
				CLANG_WARN_UNGUARDED_AVAILABILITY = YES_AGGRESSIVE;
				CLANG_WARN_UNREACHABLE_CODE = YES;
				CLANG_WARN__DUPLICATE_METHOD_MATCH = YES;
				COPY_PHASE_STRIP = NO;
				DEBUG_INFORMATION_FORMAT = dwarf;
				ENABLE_STRICT_OBJC_MSGSEND = YES;
				ENABLE_TESTABILITY = YES;
				GCC_C_LANGUAGE_STANDARD = gnu11;
				GCC_DYNAMIC_NO_PIC = NO;
				GCC_NO_COMMON_BLOCKS = YES;
				GCC_OPTIMIZATION_LEVEL = 0;
				GCC_PREPROCESSOR_DEFINITIONS = (
					"DEBUG=1",
					"$(inherited)",
				);
				GCC_WARN_64_TO_32_BIT_CONVERSION = YES;
				GCC_WARN_ABOUT_RETURN_TYPE = YES_ERROR;
				GCC_WARN_UNDECLARED_SELECTOR = YES;
				GCC_WARN_UNINITIALIZED_AUTOS = YES_AGGRESSIVE;
				GCC_WARN_UNUSED_FUNCTION = YES;
				GCC_WARN_UNUSED_VARIABLE = YES;
				IPHONEOS_DEPLOYMENT_TARGET = 16.0;
				MTL_ENABLE_DEBUG_INFO = INCLUDE_SOURCE;
				MTL_FAST_MATH = YES;
				ONLY_ACTIVE_ARCH = YES;
				SDKROOT = iphoneos;
				SWIFT_ACTIVE_COMPILATION_CONDITIONS = DEBUG;
				SWIFT_OPTIMIZATION_LEVEL = "-Onone";
			};
			name = Debug;
		};
		C5CD66A3291E661F008CAA22 /* Release */ = {
			isa = XCBuildConfiguration;
			buildSettings = {
				ALWAYS_SEARCH_USER_PATHS = NO;
				CLANG_ANALYZER_NONNULL = YES;
				CLANG_ANALYZER_NUMBER_OBJECT_CONVERSION = YES_AGGRESSIVE;
				CLANG_CXX_LANGUAGE_STANDARD = "gnu++20";
				CLANG_ENABLE_MODULES = YES;
				CLANG_ENABLE_OBJC_ARC = YES;
				CLANG_ENABLE_OBJC_WEAK = YES;
				CLANG_WARN_BLOCK_CAPTURE_AUTORELEASING = YES;
				CLANG_WARN_BOOL_CONVERSION = YES;
				CLANG_WARN_COMMA = YES;
				CLANG_WARN_CONSTANT_CONVERSION = YES;
				CLANG_WARN_DEPRECATED_OBJC_IMPLEMENTATIONS = YES;
				CLANG_WARN_DIRECT_OBJC_ISA_USAGE = YES_ERROR;
				CLANG_WARN_DOCUMENTATION_COMMENTS = YES;
				CLANG_WARN_EMPTY_BODY = YES;
				CLANG_WARN_ENUM_CONVERSION = YES;
				CLANG_WARN_INFINITE_RECURSION = YES;
				CLANG_WARN_INT_CONVERSION = YES;
				CLANG_WARN_NON_LITERAL_NULL_CONVERSION = YES;
				CLANG_WARN_OBJC_IMPLICIT_RETAIN_SELF = YES;
				CLANG_WARN_OBJC_LITERAL_CONVERSION = YES;
				CLANG_WARN_OBJC_ROOT_CLASS = YES_ERROR;
				CLANG_WARN_QUOTED_INCLUDE_IN_FRAMEWORK_HEADER = YES;
				CLANG_WARN_RANGE_LOOP_ANALYSIS = YES;
				CLANG_WARN_STRICT_PROTOTYPES = YES;
				CLANG_WARN_SUSPICIOUS_MOVE = YES;
				CLANG_WARN_UNGUARDED_AVAILABILITY = YES_AGGRESSIVE;
				CLANG_WARN_UNREACHABLE_CODE = YES;
				CLANG_WARN__DUPLICATE_METHOD_MATCH = YES;
				COPY_PHASE_STRIP = NO;
				DEBUG_INFORMATION_FORMAT = "dwarf-with-dsym";
				ENABLE_NS_ASSERTIONS = NO;
				ENABLE_STRICT_OBJC_MSGSEND = YES;
				GCC_C_LANGUAGE_STANDARD = gnu11;
				GCC_NO_COMMON_BLOCKS = YES;
				GCC_WARN_64_TO_32_BIT_CONVERSION = YES;
				GCC_WARN_ABOUT_RETURN_TYPE = YES_ERROR;
				GCC_WARN_UNDECLARED_SELECTOR = YES;
				GCC_WARN_UNINITIALIZED_AUTOS = YES_AGGRESSIVE;
				GCC_WARN_UNUSED_FUNCTION = YES;
				GCC_WARN_UNUSED_VARIABLE = YES;
				IPHONEOS_DEPLOYMENT_TARGET = 16.0;
				MTL_ENABLE_DEBUG_INFO = NO;
				MTL_FAST_MATH = YES;
				SDKROOT = iphoneos;
				SWIFT_COMPILATION_MODE = wholemodule;
				SWIFT_OPTIMIZATION_LEVEL = "-O";
				VALIDATE_PRODUCT = YES;
			};
			name = Release;
		};
		C5CD66A5291E661F008CAA22 /* Debug */ = {
			isa = XCBuildConfiguration;
			buildSettings = {
				ASSETCATALOG_COMPILER_APPICON_NAME = AppIcon;
				ASSETCATALOG_COMPILER_GLOBAL_ACCENT_COLOR_NAME = AccentColor;
				CODE_SIGN_STYLE = Automatic;
				CURRENT_PROJECT_VERSION = 1;
				DEVELOPMENT_ASSET_PATHS = "\"Eksamen-PG5601-1001/Preview Content\"";
				DEVELOPMENT_TEAM = 2AWJQSXJUU;
				ENABLE_PREVIEWS = YES;
				GENERATE_INFOPLIST_FILE = YES;
				INFOPLIST_KEY_UIApplicationSceneManifest_Generation = YES;
				INFOPLIST_KEY_UIApplicationSupportsIndirectInputEvents = YES;
				INFOPLIST_KEY_UILaunchScreen_Generation = YES;
				INFOPLIST_KEY_UISupportedInterfaceOrientations_iPad = "UIInterfaceOrientationPortrait UIInterfaceOrientationPortraitUpsideDown UIInterfaceOrientationLandscapeLeft UIInterfaceOrientationLandscapeRight";
				INFOPLIST_KEY_UISupportedInterfaceOrientations_iPhone = "UIInterfaceOrientationPortrait UIInterfaceOrientationLandscapeLeft UIInterfaceOrientationLandscapeRight";
				LD_RUNPATH_SEARCH_PATHS = (
					"$(inherited)",
					"@executable_path/Frameworks",
				);
				MARKETING_VERSION = 1.0;
				PRODUCT_BUNDLE_IDENTIFIER = "Lars-Ole.Eksamen-PG5601-1001";
				PRODUCT_NAME = "$(TARGET_NAME)";
				SWIFT_EMIT_LOC_STRINGS = YES;
				SWIFT_VERSION = 5.0;
				TARGETED_DEVICE_FAMILY = "1,2";
			};
			name = Debug;
		};
		C5CD66A6291E661F008CAA22 /* Release */ = {
			isa = XCBuildConfiguration;
			buildSettings = {
				ASSETCATALOG_COMPILER_APPICON_NAME = AppIcon;
				ASSETCATALOG_COMPILER_GLOBAL_ACCENT_COLOR_NAME = AccentColor;
				CODE_SIGN_STYLE = Automatic;
				CURRENT_PROJECT_VERSION = 1;
				DEVELOPMENT_ASSET_PATHS = "\"Eksamen-PG5601-1001/Preview Content\"";
				DEVELOPMENT_TEAM = 2AWJQSXJUU;
				ENABLE_PREVIEWS = YES;
				GENERATE_INFOPLIST_FILE = YES;
				INFOPLIST_KEY_UIApplicationSceneManifest_Generation = YES;
				INFOPLIST_KEY_UIApplicationSupportsIndirectInputEvents = YES;
				INFOPLIST_KEY_UILaunchScreen_Generation = YES;
				INFOPLIST_KEY_UISupportedInterfaceOrientations_iPad = "UIInterfaceOrientationPortrait UIInterfaceOrientationPortraitUpsideDown UIInterfaceOrientationLandscapeLeft UIInterfaceOrientationLandscapeRight";
				INFOPLIST_KEY_UISupportedInterfaceOrientations_iPhone = "UIInterfaceOrientationPortrait UIInterfaceOrientationLandscapeLeft UIInterfaceOrientationLandscapeRight";
				LD_RUNPATH_SEARCH_PATHS = (
					"$(inherited)",
					"@executable_path/Frameworks",
				);
				MARKETING_VERSION = 1.0;
				PRODUCT_BUNDLE_IDENTIFIER = "Lars-Ole.Eksamen-PG5601-1001";
				PRODUCT_NAME = "$(TARGET_NAME)";
				SWIFT_EMIT_LOC_STRINGS = YES;
				SWIFT_VERSION = 5.0;
				TARGETED_DEVICE_FAMILY = "1,2";
			};
			name = Release;
		};
/* End XCBuildConfiguration section */

/* Begin XCConfigurationList section */
		C5CD6691291E661C008CAA22 /* Build configuration list for PBXProject "Eksamen-PG5601-1001" */ = {
			isa = XCConfigurationList;
			buildConfigurations = (
				C5CD66A2291E661F008CAA22 /* Debug */,
				C5CD66A3291E661F008CAA22 /* Release */,
			);
			defaultConfigurationIsVisible = 0;
			defaultConfigurationName = Release;
		};
		C5CD66A4291E661F008CAA22 /* Build configuration list for PBXNativeTarget "Eksamen-PG5601-1001" */ = {
			isa = XCConfigurationList;
			buildConfigurations = (
				C5CD66A5291E661F008CAA22 /* Debug */,
				C5CD66A6291E661F008CAA22 /* Release */,
			);
			defaultConfigurationIsVisible = 0;
			defaultConfigurationName = Release;
		};
/* End XCConfigurationList section */

/* Begin XCVersionGroup section */
		C5CD66C2291EC4F5008CAA22 /* Database.xcdatamodeld */ = {
			isa = XCVersionGroup;
			children = (
				C5CD66C3291EC4F5008CAA22 /* Database.xcdatamodel */,
			);
			currentVersion = C5CD66C3291EC4F5008CAA22 /* Database.xcdatamodel */;
			path = Database.xcdatamodeld;
			sourceTree = "<group>";
			versionGroupType = wrapper.xcdatamodel;
		};
/* End XCVersionGroup section */
	};
	rootObject = C5CD668E291E661C008CAA22 /* Project object */;
}
